
Microsoft Visual Studio Solution File, Format Version 9.00
# Visual Studio 2005
Project("{8BC9CEB8-8B4A-11D0-8D11-00A0C91BC942}") = "GProfileConfig", "GProfileConfig.vcproj", "{C3288F93-9138-44B1-BB6A-5202B3BE575F}"
EndProject
Project("{8BC9CEB8-8B4A-11D0-8D11-00A0C91BC942}") = "GProfile", "..\LightProfileMonitor\LightProfileMonitor.vcproj", "{C687CA3E-6FC1-40E6-A07D-1BBE9BE1E948}"
EndProject
Project("{B900F1C2-3D47-4FEC-85B3-04AAF18C3634}") = "GProfileCab", "..\GProfileCab\GProfileCab.vddproj", "{7C4CBF5F-E0A1-413F-84A3-3C3C332D23F0}"
EndProject
Global
	GlobalSection(SolutionConfigurationPlatforms) = preSolution
		Debug|Windows Mobile 6 Professional SDK (ARMV4I) = Debug|Windows Mobile 6 Professional SDK (ARMV4I)
		Debug|Windows Mobile 6 Standard SDK (ARMV4I) = Debug|Windows Mobile 6 Standard SDK (ARMV4I)
		Release|Windows Mobile 6 Professional SDK (ARMV4I) = Release|Windows Mobile 6 Professional SDK (ARMV4I)
		Release|Windows Mobile 6 Standard SDK (ARMV4I) = Release|Windows Mobile 6 Standard SDK (ARMV4I)
	EndGlobalSection
	GlobalSection(ProjectConfigurationPlatforms) = postSolution
		{C3288F93-9138-44B1-BB6A-5202B3BE575F}.Debug|Windows Mobile 6 Professional SDK (ARMV4I).ActiveCfg = Debug|Windows Mobile 6 Professional SDK (ARMV4I)
		{C3288F93-9138-44B1-BB6A-5202B3BE575F}.Debug|Windows Mobile 6 Professional SDK (ARMV4I).Build.0 = Debug|Windows Mobile 6 Professional SDK (ARMV4I)
		{C3288F93-9138-44B1-BB6A-5202B3BE575F}.Debug|Windows Mobile 6 Professional SDK (ARMV4I).Deploy.0 = Debug|Windows Mobile 6 Professional SDK (ARMV4I)
		{C3288F93-9138-44B1-BB6A-5202B3BE575F}.Debug|Windows Mobile 6 Standard SDK (ARMV4I).ActiveCfg = Debug|Windows Mobile 6 Professional SDK (ARMV4I)
		{C3288F93-9138-44B1-BB6A-5202B3BE575F}.Release|Windows Mobile 6 Professional SDK (ARMV4I).ActiveCfg = Release|Windows Mobile 6 Professional SDK (ARMV4I)
		{C3288F93-9138-44B1-BB6A-5202B3BE575F}.Release|Windows Mobile 6 Professional SDK (ARMV4I).Build.0 = Release|Windows Mobile 6 Professional SDK (ARMV4I)
		{C3288F93-9138-44B1-BB6A-5202B3BE575F}.Release|Windows Mobile 6 Professional SDK (ARMV4I).Deploy.0 = Release|Windows Mobile 6 Professional SDK (ARMV4I)
		{C3288F93-9138-44B1-BB6A-5202B3BE575F}.Release|Windows Mobile 6 Standard SDK (ARMV4I).ActiveCfg = Release|Windows Mobile 6 Professional SDK (ARMV4I)
		{C687CA3E-6FC1-40E6-A07D-1BBE9BE1E948}.Debug|Windows Mobile 6 Professional SDK (ARMV4I).ActiveCfg = Debug|Windows Mobile 6 Professional SDK (ARMV4I)
		{C687CA3E-6FC1-40E6-A07D-1BBE9BE1E948}.Debug|Windows Mobile 6 Professional SDK (ARMV4I).Build.0 = Debug|Windows Mobile 6 Professional SDK (ARMV4I)
		{C687CA3E-6FC1-40E6-A07D-1BBE9BE1E948}.Debug|Windows Mobile 6 Professional SDK (ARMV4I).Deploy.0 = Debug|Windows Mobile 6 Professional SDK (ARMV4I)
		{C687CA3E-6FC1-40E6-A07D-1BBE9BE1E948}.Debug|Windows Mobile 6 Standard SDK (ARMV4I).ActiveCfg = Debug|Windows Mobile 6 Standard SDK (ARMV4I)
		{C687CA3E-6FC1-40E6-A07D-1BBE9BE1E948}.Debug|Windows Mobile 6 Standard SDK (ARMV4I).Build.0 = Debug|Windows Mobile 6 Standard SDK (ARMV4I)
		{C687CA3E-6FC1-40E6-A07D-1BBE9BE1E948}.Debug|Windows Mobile 6 Standard SDK (ARMV4I).Deploy.0 = Debug|Windows Mobile 6 Standard SDK (ARMV4I)
		{C687CA3E-6FC1-40E6-A07D-1BBE9BE1E948}.Release|Windows Mobile 6 Professional SDK (ARMV4I).ActiveCfg = Release|Windows Mobile 6 Professional SDK (ARMV4I)
		{C687CA3E-6FC1-40E6-A07D-1BBE9BE1E948}.Release|Windows Mobile 6 Professional SDK (ARMV4I).Build.0 = Release|Windows Mobile 6 Professional SDK (ARMV4I)
		{C687CA3E-6FC1-40E6-A07D-1BBE9BE1E948}.Release|Windows Mobile 6 Professional SDK (ARMV4I).Deploy.0 = Release|Windows Mobile 6 Professional SDK (ARMV4I)
		{C687CA3E-6FC1-40E6-A07D-1BBE9BE1E948}.Release|Windows Mobile 6 Standard SDK (ARMV4I).ActiveCfg = Release|Windows Mobile 6 Standard SDK (ARMV4I)
		{C687CA3E-6FC1-40E6-A07D-1BBE9BE1E948}.Release|Windows Mobile 6 Standard SDK (ARMV4I).Build.0 = Release|Windows Mobile 6 Standard SDK (ARMV4I)
		{C687CA3E-6FC1-40E6-A07D-1BBE9BE1E948}.Release|Windows Mobile 6 Standard SDK (ARMV4I).Deploy.0 = Release|Windows Mobile 6 Standard SDK (ARMV4I)
		{7C4CBF5F-E0A1-413F-84A3-3C3C332D23F0}.Debug|Windows Mobile 6 Professional SDK (ARMV4I).ActiveCfg = Debug
		{7C4CBF5F-E0A1-413F-84A3-3C3C332D23F0}.Debug|Windows Mobile 6 Standard SDK (ARMV4I).ActiveCfg = Debug
		{7C4CBF5F-E0A1-413F-84A3-3C3C332D23F0}.Release|Windows Mobile 6 Professional SDK (ARMV4I).ActiveCfg = Release
		{7C4CBF5F-E0A1-413F-84A3-3C3C332D23F0}.Release|Windows Mobile 6 Standard SDK (ARMV4I).ActiveCfg = Release
	EndGlobalSection
	GlobalSection(SolutionProperties) = preSolution
		HideSolutionNode = FALSE
	EndGlobalSection
EndGlobal
